{
  "name": "api",
  "version": "1.0.0",
  "lockfileVersion": 1,
  "requires": true,
  "dependencies": {
    "flask": {
      "version": "0.2.10",
      "resolved": "https://registry.npmjs.org/flask/-/flask-0.2.10.tgz",
      "integrity": "sha512-Zy69KIuFsoX0o2W5uDHHk1GHMwRT8QT0AboPQY7b1soCfJ2pfwKxHF2AGVwJmDUjzawgOavoY/UsXnZ7fk3lVQ=="
    },
    "python3": {
      "version": "0.0.1",
      "resolved": "https://registry.npmjs.org/python3/-/python3-0.0.1.tgz",
      "integrity": "sha512-VB3Pe0uV1mjWND5Kv1FJQOSuAe979Oo0gRs/C8JGF8wx+ulkWqHC/sWlQz+ezcGpwsJP0tTIh+No/iRaqQlcNg=="
    },
    "scipy": {
      "version": "0.1.4",
      "resolved": "https://registry.npmjs.org/scipy/-/scipy-0.1.4.tgz",
      "integrity": "sha512-ncZZUHzI3duTvec2MxyPBhS2CCXUajZEsaNUqa9FV865tRyxQOt15zOtL+eAlvIax5BS1QGwYC7RXrpgpsPxWg=="
    }
  }
}
